
Microsoft Visual Studio Solution File, Format Version 12.00
# Visual Studio Version 16
VisualStudioVersion = 16.0.31515.178
MinimumVisualStudioVersion = 10.0.40219.1
Project("{FAE04EC0-301F-11D3-BF4B-00C04F79EFBC}") = "Convertor3", "Convertor3\Convertor3.csproj", "{5395509F-08AE-4AE9-B402-7318FE4F12F8}"
EndProject
Global
	GlobalSection(SolutionConfigurationPlatforms) = preSolution
		Debug|Any CPU = Debug|Any CPU
		Release|Any CPU = Release|Any CPU
	EndGlobalSection
	GlobalSection(ProjectConfigurationPlatforms) = postSolution
		{5395509F-08AE-4AE9-B402-7318FE4F12F8}.Debug|Any CPU.ActiveCfg = Debug|Any CPU
		{5395509F-08AE-4AE9-B402-7318FE4F12F8}.Debug|Any CPU.Build.0 = Debug|Any CPU
		{5395509F-08AE-4AE9-B402-7318FE4F12F8}.Release|Any CPU.ActiveCfg = Release|Any CPU
		{5395509F-08AE-4AE9-B402-7318FE4F12F8}.Release|Any CPU.Build.0 = Release|Any CPU
	EndGlobalSection
	GlobalSection(SolutionProperties) = preSolution
		HideSolutionNode = FALSE
	EndGlobalSection
	GlobalSection(ExtensibilityGlobals) = postSolution
		SolutionGuid = {DA961EE3-FC6E-4ABF-8630-812714151754}
	EndGlobalSection
EndGlobal
